
Microsoft Visual Studio Solution File, Format Version 12.00
# Visual Studio 2012
Project("{FAE04EC0-301F-11D3-BF4B-00C04F79EFBC}") = "RobotSpeaker", "RobotSpeaker\RobotSpeaker.csproj", "{1A5DCD2E-1D2A-4599-9C78-878C525AD6DD}"
EndProject
Project("{FAE04EC0-301F-11D3-BF4B-00C04F79EFBC}") = "RobotSportTaskEditor", "RobotSportTaskEditor\RobotSportTaskEditor.csproj", "{53519454-4316-41E7-B2B0-7390033B8ACC}"
EndProject
Project("{FAE04EC0-301F-11D3-BF4B-00C04F79EFBC}") = "SpeakerLibrary", "SpeakerLibrary\SpeakerLibrary.csproj", "{7BBAD689-104C-449D-A5D8-48FD43F1C100}"
EndProject
Global
	GlobalSection(SolutionConfigurationPlatforms) = preSolution
		Debug|Any CPU = Debug|Any CPU
		Debug|Mixed Platforms = Debug|Mixed Platforms
		Debug|x64 = Debug|x64
		Debug|x86 = Debug|x86
		Release|Any CPU = Release|Any CPU
		Release|Mixed Platforms = Release|Mixed Platforms
		Release|x64 = Release|x64
		Release|x86 = Release|x86
	EndGlobalSection
	GlobalSection(ProjectConfigurationPlatforms) = postSolution
		{1A5DCD2E-1D2A-4599-9C78-878C525AD6DD}.Debug|Any CPU.ActiveCfg = Debug|Any CPU
		{1A5DCD2E-1D2A-4599-9C78-878C525AD6DD}.Debug|Any CPU.Build.0 = Debug|Any CPU
		{1A5DCD2E-1D2A-4599-9C78-878C525AD6DD}.Debug|Mixed Platforms.ActiveCfg = Debug|x86
		{1A5DCD2E-1D2A-4599-9C78-878C525AD6DD}.Debug|Mixed Platforms.Build.0 = Debug|x86
		{1A5DCD2E-1D2A-4599-9C78-878C525AD6DD}.Debug|x64.ActiveCfg = Debug|Any CPU
		{1A5DCD2E-1D2A-4599-9C78-878C525AD6DD}.Debug|x86.ActiveCfg = Debug|x86
		{1A5DCD2E-1D2A-4599-9C78-878C525AD6DD}.Debug|x86.Build.0 = Debug|x86
		{1A5DCD2E-1D2A-4599-9C78-878C525AD6DD}.Release|Any CPU.ActiveCfg = Release|Any CPU
		{1A5DCD2E-1D2A-4599-9C78-878C525AD6DD}.Release|Any CPU.Build.0 = Release|Any CPU
		{1A5DCD2E-1D2A-4599-9C78-878C525AD6DD}.Release|Mixed Platforms.ActiveCfg = Release|x86
		{1A5DCD2E-1D2A-4599-9C78-878C525AD6DD}.Release|Mixed Platforms.Build.0 = Release|x86
		{1A5DCD2E-1D2A-4599-9C78-878C525AD6DD}.Release|x64.ActiveCfg = Release|Any CPU
		{1A5DCD2E-1D2A-4599-9C78-878C525AD6DD}.Release|x86.ActiveCfg = Release|x86
		{1A5DCD2E-1D2A-4599-9C78-878C525AD6DD}.Release|x86.Build.0 = Release|x86
		{53519454-4316-41E7-B2B0-7390033B8ACC}.Debug|Any CPU.ActiveCfg = Debug|Any CPU
		{53519454-4316-41E7-B2B0-7390033B8ACC}.Debug|Any CPU.Build.0 = Debug|Any CPU
		{53519454-4316-41E7-B2B0-7390033B8ACC}.Debug|Mixed Platforms.ActiveCfg = Debug|x86
		{53519454-4316-41E7-B2B0-7390033B8ACC}.Debug|Mixed Platforms.Build.0 = Debug|x86
		{53519454-4316-41E7-B2B0-7390033B8ACC}.Debug|x64.ActiveCfg = Debug|x64
		{53519454-4316-41E7-B2B0-7390033B8ACC}.Debug|x64.Build.0 = Debug|x64
		{53519454-4316-41E7-B2B0-7390033B8ACC}.Debug|x86.ActiveCfg = Debug|x86
		{53519454-4316-41E7-B2B0-7390033B8ACC}.Debug|x86.Build.0 = Debug|x86
		{53519454-4316-41E7-B2B0-7390033B8ACC}.Release|Any CPU.ActiveCfg = Release|Any CPU
		{53519454-4316-41E7-B2B0-7390033B8ACC}.Release|Any CPU.Build.0 = Release|Any CPU
		{53519454-4316-41E7-B2B0-7390033B8ACC}.Release|Mixed Platforms.ActiveCfg = Release|x86
		{53519454-4316-41E7-B2B0-7390033B8ACC}.Release|Mixed Platforms.Build.0 = Release|x86
		{53519454-4316-41E7-B2B0-7390033B8ACC}.Release|x64.ActiveCfg = Release|x64
		{53519454-4316-41E7-B2B0-7390033B8ACC}.Release|x64.Build.0 = Release|x64
		{53519454-4316-41E7-B2B0-7390033B8ACC}.Release|x86.ActiveCfg = Release|x86
		{53519454-4316-41E7-B2B0-7390033B8ACC}.Release|x86.Build.0 = Release|x86
		{7BBAD689-104C-449D-A5D8-48FD43F1C100}.Debug|Any CPU.ActiveCfg = Debug|Any CPU
		{7BBAD689-104C-449D-A5D8-48FD43F1C100}.Debug|Any CPU.Build.0 = Debug|Any CPU
		{7BBAD689-104C-449D-A5D8-48FD43F1C100}.Debug|Mixed Platforms.ActiveCfg = Debug|Any CPU
		{7BBAD689-104C-449D-A5D8-48FD43F1C100}.Debug|Mixed Platforms.Build.0 = Debug|Any CPU
		{7BBAD689-104C-449D-A5D8-48FD43F1C100}.Debug|x64.ActiveCfg = Debug|Any CPU
		{7BBAD689-104C-449D-A5D8-48FD43F1C100}.Debug|x86.ActiveCfg = Debug|x86
		{7BBAD689-104C-449D-A5D8-48FD43F1C100}.Debug|x86.Build.0 = Debug|x86
		{7BBAD689-104C-449D-A5D8-48FD43F1C100}.Release|Any CPU.ActiveCfg = Release|Any CPU
		{7BBAD689-104C-449D-A5D8-48FD43F1C100}.Release|Any CPU.Build.0 = Release|Any CPU
		{7BBAD689-104C-449D-A5D8-48FD43F1C100}.Release|Mixed Platforms.ActiveCfg = Release|Any CPU
		{7BBAD689-104C-449D-A5D8-48FD43F1C100}.Release|Mixed Platforms.Build.0 = Release|Any CPU
		{7BBAD689-104C-449D-A5D8-48FD43F1C100}.Release|x64.ActiveCfg = Release|Any CPU
		{7BBAD689-104C-449D-A5D8-48FD43F1C100}.Release|x86.ActiveCfg = Release|x86
		{7BBAD689-104C-449D-A5D8-48FD43F1C100}.Release|x86.Build.0 = Release|x86
	EndGlobalSection
	GlobalSection(SolutionProperties) = preSolution
		HideSolutionNode = FALSE
	EndGlobalSection
EndGlobal
